
Microsoft Visual Studio Solution File, Format Version 12.00
# Visual Studio Version 17
VisualStudioVersion = 17.5.2.0
MinimumVisualStudioVersion = 10.0.40219.1
Project("{FAE04EC0-301F-11D3-BF4B-00C04F79EFBC}") = "TwinCAT XAE Agent Tools Server", "TwincatMcpServer.csproj", "{9FDE3452-B1A8-EF09-B289-9D995DD13C7D}"
EndProject
Project("{FAE04EC0-301F-11D3-BF4B-00C04F79EFBC}") = "TwinCAT XAE Agent Tools Tests", "TwincatMcpServer.Tests\TwincatMcpServer.Tests.csproj", "{9362FB9C-C88E-40F0-B81D-F812F49050F2}"
EndProject
Project("{FAE04EC0-301F-11D3-BF4B-00C04F79EFBC}") = "TwinCAT XAE Agent Tools Tray", "TwincatMcp.Tray\TwincatMcp.Tray.csproj", "{C90D4B99-876C-428B-8408-F8BF150FB5E5}"
EndProject
Global
	GlobalSection(SolutionConfigurationPlatforms) = preSolution
		Debug|Any CPU = Debug|Any CPU
		Debug|x64 = Debug|x64
		Debug|x86 = Debug|x86
		Release|Any CPU = Release|Any CPU
		Release|x64 = Release|x64
		Release|x86 = Release|x86
	EndGlobalSection
	GlobalSection(ProjectConfigurationPlatforms) = postSolution
		{9FDE3452-B1A8-EF09-B289-9D995DD13C7D}.Debug|Any CPU.ActiveCfg = Debug|Any CPU
		{9FDE3452-B1A8-EF09-B289-9D995DD13C7D}.Debug|Any CPU.Build.0 = Debug|Any CPU
		{9FDE3452-B1A8-EF09-B289-9D995DD13C7D}.Debug|x64.ActiveCfg = Debug|Any CPU
		{9FDE3452-B1A8-EF09-B289-9D995DD13C7D}.Debug|x64.Build.0 = Debug|Any CPU
		{9FDE3452-B1A8-EF09-B289-9D995DD13C7D}.Debug|x86.ActiveCfg = Debug|Any CPU
		{9FDE3452-B1A8-EF09-B289-9D995DD13C7D}.Debug|x86.Build.0 = Debug|Any CPU
		{9FDE3452-B1A8-EF09-B289-9D995DD13C7D}.Release|Any CPU.ActiveCfg = Release|Any CPU
		{9FDE3452-B1A8-EF09-B289-9D995DD13C7D}.Release|Any CPU.Build.0 = Release|Any CPU
		{9FDE3452-B1A8-EF09-B289-9D995DD13C7D}.Release|x64.ActiveCfg = Release|Any CPU
		{9FDE3452-B1A8-EF09-B289-9D995DD13C7D}.Release|x64.Build.0 = Release|Any CPU
		{9FDE3452-B1A8-EF09-B289-9D995DD13C7D}.Release|x86.ActiveCfg = Release|Any CPU
		{9FDE3452-B1A8-EF09-B289-9D995DD13C7D}.Release|x86.Build.0 = Release|Any CPU
		{9362FB9C-C88E-40F0-B81D-F812F49050F2}.Debug|Any CPU.ActiveCfg = Debug|Any CPU
		{9362FB9C-C88E-40F0-B81D-F812F49050F2}.Debug|Any CPU.Build.0 = Debug|Any CPU
		{9362FB9C-C88E-40F0-B81D-F812F49050F2}.Debug|x64.ActiveCfg = Debug|Any CPU
		{9362FB9C-C88E-40F0-B81D-F812F49050F2}.Debug|x64.Build.0 = Debug|Any CPU
		{9362FB9C-C88E-40F0-B81D-F812F49050F2}.Debug|x86.ActiveCfg = Debug|Any CPU
		{9362FB9C-C88E-40F0-B81D-F812F49050F2}.Debug|x86.Build.0 = Debug|Any CPU
		{9362FB9C-C88E-40F0-B81D-F812F49050F2}.Release|Any CPU.ActiveCfg = Release|Any CPU
		{9362FB9C-C88E-40F0-B81D-F812F49050F2}.Release|Any CPU.Build.0 = Release|Any CPU
		{9362FB9C-C88E-40F0-B81D-F812F49050F2}.Release|x64.ActiveCfg = Release|Any CPU
		{9362FB9C-C88E-40F0-B81D-F812F49050F2}.Release|x64.Build.0 = Release|Any CPU
		{9362FB9C-C88E-40F0-B81D-F812F49050F2}.Release|x86.ActiveCfg = Release|Any CPU
		{9362FB9C-C88E-40F0-B81D-F812F49050F2}.Release|x86.Build.0 = Release|Any CPU
		{C90D4B99-876C-428B-8408-F8BF150FB5E5}.Debug|Any CPU.ActiveCfg = Debug|Any CPU
		{C90D4B99-876C-428B-8408-F8BF150FB5E5}.Debug|Any CPU.Build.0 = Debug|Any CPU
		{C90D4B99-876C-428B-8408-F8BF150FB5E5}.Debug|x64.ActiveCfg = Debug|Any CPU
		{C90D4B99-876C-428B-8408-F8BF150FB5E5}.Debug|x64.Build.0 = Debug|Any CPU
		{C90D4B99-876C-428B-8408-F8BF150FB5E5}.Debug|x86.ActiveCfg = Debug|Any CPU
		{C90D4B99-876C-428B-8408-F8BF150FB5E5}.Debug|x86.Build.0 = Debug|Any CPU
		{C90D4B99-876C-428B-8408-F8BF150FB5E5}.Release|Any CPU.ActiveCfg = Release|Any CPU
		{C90D4B99-876C-428B-8408-F8BF150FB5E5}.Release|Any CPU.Build.0 = Release|Any CPU
		{C90D4B99-876C-428B-8408-F8BF150FB5E5}.Release|x64.ActiveCfg = Release|Any CPU
		{C90D4B99-876C-428B-8408-F8BF150FB5E5}.Release|x64.Build.0 = Release|Any CPU
		{C90D4B99-876C-428B-8408-F8BF150FB5E5}.Release|x86.ActiveCfg = Release|Any CPU
		{C90D4B99-876C-428B-8408-F8BF150FB5E5}.Release|x86.Build.0 = Release|Any CPU
	EndGlobalSection
	GlobalSection(SolutionProperties) = preSolution
		HideSolutionNode = FALSE
	EndGlobalSection
	GlobalSection(ExtensibilityGlobals) = postSolution
		SolutionGuid = {C6C6551F-1F26-4AE9-8807-D9B13A045C04}
	EndGlobalSection
EndGlobal
